
Microsoft Visual Studio Solution File, Format Version 12.00
# Visual Studio 15
VisualStudioVersion = 15.0.27703.2035
MinimumVisualStudioVersion = 10.0.40219.1
Project("{FAE04EC0-301F-11D3-BF4B-00C04F79EFBC}") = "VzEmulator", "VzEmulator\VzEmulator.csproj", "{BCD68F33-69EF-4B3F-9155-B20786F52614}"
EndProject
Global
	GlobalSection(SolutionConfigurationPlatforms) = preSolution
		Debug|Any CPU = Debug|Any CPU
		Release|Any CPU = Release|Any CPU
	EndGlobalSection
	GlobalSection(ProjectConfigurationPlatforms) = postSolution
		{BCD68F33-69EF-4B3F-9155-B20786F52614}.Debug|Any CPU.ActiveCfg = Debug|Any CPU
		{BCD68F33-69EF-4B3F-9155-B20786F52614}.Debug|Any CPU.Build.0 = Debug|Any CPU
		{BCD68F33-69EF-4B3F-9155-B20786F52614}.Release|Any CPU.ActiveCfg = Release|Any CPU
		{BCD68F33-69EF-4B3F-9155-B20786F52614}.Release|Any CPU.Build.0 = Release|Any CPU
	EndGlobalSection
	GlobalSection(SolutionProperties) = preSolution
		HideSolutionNode = FALSE
	EndGlobalSection
	GlobalSection(ExtensibilityGlobals) = postSolution
		SolutionGuid = {6AE0070E-F192-496A-BE9C-3C00ABB3D0F8}
	EndGlobalSection
EndGlobal
